// !$*UTF8*$!
{
	archiveVersion = 1;
	classes = {
	};
	objectVersion = 55;
	objects = {

/* Begin PBXBuildFile section */
		213BCFCB276504B900AB0AC5 /* menuItem.swift in Sources */ = {isa = PBXBuildFile; fileRef = 213BCFCA276504B900AB0AC5 /* menuItem.swift */; };
		213FB4B627661ECE000E3E60 /* MenuView.swift in Sources */ = {isa = PBXBuildFile; fileRef = 213FB4B527661ECE000E3E60 /* MenuView.swift */; };
		213FB4B8276623C2000E3E60 /* PayView.swift in Sources */ = {isa = PBXBuildFile; fileRef = 213FB4B7276623C2000E3E60 /* PayView.swift */; };
		213FB4BC27665825000E3E60 /* FeedbackView.swift in Sources */ = {isa = PBXBuildFile; fileRef = 213FB4BB27665825000E3E60 /* FeedbackView.swift */; };
		219DE2152760D437000D7AC4 /* source in Resources */ = {isa = PBXBuildFile; fileRef = 219DE2142760D437000D7AC4 /* source */; };
		219DE219276102F3000D7AC4 /* classOne.swift in Sources */ = {isa = PBXBuildFile; fileRef = 219DE218276102F3000D7AC4 /* classOne.swift */; };
		219DE25327623982000D7AC4 /* ShoppingCartView.swift in Sources */ = {isa = PBXBuildFile; fileRef = 219DE25227623982000D7AC4 /* ShoppingCartView.swift */; };
		21AF25AA275FD97900C91AA8 /* Tests_iOS.swift in Sources */ = {isa = PBXBuildFile; fileRef = 21AF25A9275FD97900C91AA8 /* Tests_iOS.swift */; };
		21AF25AC275FD97900C91AA8 /* Tests_iOSLaunchTests.swift in Sources */ = {isa = PBXBuildFile; fileRef = 21AF25AB275FD97900C91AA8 /* Tests_iOSLaunchTests.swift */; };
		21AF25B6275FD97900C91AA8 /* Tests_macOS.swift in Sources */ = {isa = PBXBuildFile; fileRef = 21AF25B5275FD97900C91AA8 /* Tests_macOS.swift */; };
		21AF25B8275FD97900C91AA8 /* Tests_macOSLaunchTests.swift in Sources */ = {isa = PBXBuildFile; fileRef = 21AF25B7275FD97900C91AA8 /* Tests_macOSLaunchTests.swift */; };
		21AF25B9275FD97900C91AA8 /* orderApp.swift in Sources */ = {isa = PBXBuildFile; fileRef = 21AF2591275FD97800C91AA8 /* orderApp.swift */; };
		21AF25BA275FD97900C91AA8 /* orderApp.swift in Sources */ = {isa = PBXBuildFile; fileRef = 21AF2591275FD97800C91AA8 /* orderApp.swift */; };
		21AF25BB275FD97900C91AA8 /* ContentView.swift in Sources */ = {isa = PBXBuildFile; fileRef = 21AF2592275FD97800C91AA8 /* ContentView.swift */; };
		21AF25BC275FD97900C91AA8 /* ContentView.swift in Sources */ = {isa = PBXBuildFile; fileRef = 21AF2592275FD97800C91AA8 /* ContentView.swift */; };
		21AF25BD275FD97900C91AA8 /* Assets.xcassets in Resources */ = {isa = PBXBuildFile; fileRef = 21AF2593275FD97900C91AA8 /* Assets.xcassets */; };
		21AF25BE275FD97900C91AA8 /* Assets.xcassets in Resources */ = {isa = PBXBuildFile; fileRef = 21AF2593275FD97900C91AA8 /* Assets.xcassets */; };
		21E9F2F127666AEB0079701E /* SearchBar.swift in Sources */ = {isa = PBXBuildFile; fileRef = 21E9F2F027666AEB0079701E /* SearchBar.swift */; };
		21E9F2F5276686460079701E /* EditNumberView.swift in Sources */ = {isa = PBXBuildFile; fileRef = 21E9F2F4276686460079701E /* EditNumberView.swift */; };
		21E9F2F727668F130079701E /* AdressView.swift in Sources */ = {isa = PBXBuildFile; fileRef = 21E9F2F627668F130079701E /* AdressView.swift */; };
/* End PBXBuildFile section */

/* Begin PBXContainerItemProxy section */
		21AF25A6275FD97900C91AA8 /* PBXContainerItemProxy */ = {
			isa = PBXContainerItemProxy;
			containerPortal = 21AF258C275FD97800C91AA8 /* Project object */;
			proxyType = 1;
			remoteGlobalIDString = 21AF2597275FD97900C91AA8;
			remoteInfo = "order (iOS)";
		};
		21AF25B2275FD97900C91AA8 /* PBXContainerItemProxy */ = {
			isa = PBXContainerItemProxy;
			containerPortal = 21AF258C275FD97800C91AA8 /* Project object */;
			proxyType = 1;
			remoteGlobalIDString = 21AF259D275FD97900C91AA8;
			remoteInfo = "order (macOS)";
		};
/* End PBXContainerItemProxy section */

/* Begin PBXFileReference section */
		213BCFCA276504B900AB0AC5 /* menuItem.swift */ = {isa = PBXFileReference; lastKnownFileType = sourcecode.swift; path = menuItem.swift; sourceTree = "<group>"; };
		213FB4B527661ECE000E3E60 /* MenuView.swift */ = {isa = PBXFileReference; lastKnownFileType = sourcecode.swift; path = MenuView.swift; sourceTree = "<group>"; };
		213FB4B7276623C2000E3E60 /* PayView.swift */ = {isa = PBXFileReference; lastKnownFileType = sourcecode.swift; path = PayView.swift; sourceTree = "<group>"; };
		213FB4BB27665825000E3E60 /* FeedbackView.swift */ = {isa = PBXFileReference; lastKnownFileType = sourcecode.swift; path = FeedbackView.swift; sourceTree = "<group>"; };
		219DE2142760D437000D7AC4 /* source */ = {isa = PBXFileReference; lastKnownFileType = folder; path = source; sourceTree = "<group>"; };
		219DE218276102F3000D7AC4 /* classOne.swift */ = {isa = PBXFileReference; lastKnownFileType = sourcecode.swift; path = classOne.swift; sourceTree = "<group>"; };
		219DE25227623982000D7AC4 /* ShoppingCartView.swift */ = {isa = PBXFileReference; lastKnownFileType = sourcecode.swift; path = ShoppingCartView.swift; sourceTree = "<group>"; };
		21AF2591275FD97800C91AA8 /* orderApp.swift */ = {isa = PBXFileReference; lastKnownFileType = sourcecode.swift; path = orderApp.swift; sourceTree = "<group>"; };
		21AF2592275FD97800C91AA8 /* ContentView.swift */ = {isa = PBXFileReference; indentWidth = 4; lastKnownFileType = sourcecode.swift; path = ContentView.swift; sourceTree = "<group>"; };
		21AF2593275FD97900C91AA8 /* Assets.xcassets */ = {isa = PBXFileReference; lastKnownFileType = folder.assetcatalog; path = Assets.xcassets; sourceTree = "<group>"; };
		21AF2598275FD97900C91AA8 /* order.app */ = {isa = PBXFileReference; explicitFileType = wrapper.application; includeInIndex = 0; path = order.app; sourceTree = BUILT_PRODUCTS_DIR; };
		21AF259E275FD97900C91AA8 /* order.app */ = {isa = PBXFileReference; explicitFileType = wrapper.application; includeInIndex = 0; path = order.app; sourceTree = BUILT_PRODUCTS_DIR; };
		21AF25A0275FD97900C91AA8 /* macOS.entitlements */ = {isa = PBXFileReference; lastKnownFileType = text.plist.entitlements; path = macOS.entitlements; sourceTree = "<group>"; };
		21AF25A5275FD97900C91AA8 /* Tests iOS.xctest */ = {isa = PBXFileReference; explicitFileType = wrapper.cfbundle; includeInIndex = 0; path = "Tests iOS.xctest"; sourceTree = BUILT_PRODUCTS_DIR; };
		21AF25A9275FD97900C91AA8 /* Tests_iOS.swift */ = {isa = PBXFileReference; lastKnownFileType = sourcecode.swift; path = Tests_iOS.swift; sourceTree = "<group>"; };
		21AF25AB275FD97900C91AA8 /* Tests_iOSLaunchTests.swift */ = {isa = PBXFileReference; lastKnownFileType = sourcecode.swift; path = Tests_iOSLaunchTests.swift; sourceTree = "<group>"; };
		21AF25B1275FD97900C91AA8 /* Tests macOS.xctest */ = {isa = PBXFileReference; explicitFileType = wrapper.cfbundle; includeInIndex = 0; path = "Tests macOS.xctest"; sourceTree = BUILT_PRODUCTS_DIR; };
		21AF25B5275FD97900C91AA8 /* Tests_macOS.swift */ = {isa = PBXFileReference; lastKnownFileType = sourcecode.swift; path = Tests_macOS.swift; sourceTree = "<group>"; };
		21AF25B7275FD97900C91AA8 /* Tests_macOSLaunchTests.swift */ = {isa = PBXFileReference; lastKnownFileType = sourcecode.swift; path = Tests_macOSLaunchTests.swift; sourceTree = "<group>"; };
		21E9F2F027666AEB0079701E /* SearchBar.swift */ = {isa = PBXFileReference; lastKnownFileType = sourcecode.swift; path = SearchBar.swift; sourceTree = "<group>"; };
		21E9F2F4276686460079701E /* EditNumberView.swift */ = {isa = PBXFileReference; lastKnownFileType = sourcecode.swift; path = EditNumberView.swift; sourceTree = "<group>"; };
		21E9F2F627668F130079701E /* AdressView.swift */ = {isa = PBXFileReference; lastKnownFileType = sourcecode.swift; path = AdressView.swift; sourceTree = "<group>"; };
/* End PBXFileReference section */

/* Begin PBXFrameworksBuildPhase section */
		21AF2595275FD97900C91AA8 /* Frameworks */ = {
			isa = PBXFrameworksBuildPhase;
			buildActionMask = 2147483647;
			files = (
			);
			runOnlyForDeploymentPostprocessing = 0;
		};
		21AF259B275FD97900C91AA8 /* Frameworks */ = {
			isa = PBXFrameworksBuildPhase;
			buildActionMask = 2147483647;
			files = (
			);
			runOnlyForDeploymentPostprocessing = 0;
		};
		21AF25A2275FD97900C91AA8 /* Frameworks */ = {
			isa = PBXFrameworksBuildPhase;
			buildActionMask = 2147483647;
			files = (
			);
			runOnlyForDeploymentPostprocessing = 0;
		};
		21AF25AE275FD97900C91AA8 /* Frameworks */ = {
			isa = PBXFrameworksBuildPhase;
			buildActionMask = 2147483647;
			files = (
			);
			runOnlyForDeploymentPostprocessing = 0;
		};
/* End PBXFrameworksBuildPhase section */

/* Begin PBXGroup section */
		21AF258B275FD97800C91AA8 = {
			isa = PBXGroup;
			children = (
				21E9F2F627668F130079701E /* AdressView.swift */,
				21E9F2F4276686460079701E /* EditNumberView.swift */,
				21E9F2F027666AEB0079701E /* SearchBar.swift */,
				213FB4BB27665825000E3E60 /* FeedbackView.swift */,
				213FB4B7276623C2000E3E60 /* PayView.swift */,
				213FB4B527661ECE000E3E60 /* MenuView.swift */,
				213BCFCA276504B900AB0AC5 /* menuItem.swift */,
				219DE25227623982000D7AC4 /* ShoppingCartView.swift */,
				219DE218276102F3000D7AC4 /* classOne.swift */,
				219DE2142760D437000D7AC4 /* source */,
				21AF2590275FD97800C91AA8 /* Shared */,
				21AF259F275FD97900C91AA8 /* macOS */,
				21AF25A8275FD97900C91AA8 /* Tests iOS */,
				21AF25B4275FD97900C91AA8 /* Tests macOS */,
				21AF2599275FD97900C91AA8 /* Products */,
			);
			sourceTree = "<group>";
		};
		21AF2590275FD97800C91AA8 /* Shared */ = {
			isa = PBXGroup;
			children = (
				21AF2591275FD97800C91AA8 /* orderApp.swift */,
				21AF2592275FD97800C91AA8 /* ContentView.swift */,
				21AF2593275FD97900C91AA8 /* Assets.xcassets */,
			);
			path = Shared;
			sourceTree = "<group>";
		};
		21AF2599275FD97900C91AA8 /* Products */ = {
			isa = PBXGroup;
			children = (
				21AF2598275FD97900C91AA8 /* order.app */,
				21AF259E275FD97900C91AA8 /* order.app */,
				21AF25A5275FD97900C91AA8 /* Tests iOS.xctest */,
				21AF25B1275FD97900C91AA8 /* Tests macOS.xctest */,
			);
			name = Products;
			sourceTree = "<group>";
		};
		21AF259F275FD97900C91AA8 /* macOS */ = {
			isa = PBXGroup;
			children = (
				21AF25A0275FD97900C91AA8 /* macOS.entitlements */,
			);
			path = macOS;
			sourceTree = "<group>";
		};
		21AF25A8275FD97900C91AA8 /* Tests iOS */ = {
			isa = PBXGroup;
			children = (
				21AF25A9275FD97900C91AA8 /* Tests_iOS.swift */,
				21AF25AB275FD97900C91AA8 /* Tests_iOSLaunchTests.swift */,
			);
			path = "Tests iOS";
			sourceTree = "<group>";
		};
		21AF25B4275FD97900C91AA8 /* Tests macOS */ = {
			isa = PBXGroup;
			children = (
				21AF25B5275FD97900C91AA8 /* Tests_macOS.swift */,
				21AF25B7275FD97900C91AA8 /* Tests_macOSLaunchTests.swift */,
			);
			path = "Tests macOS";
			sourceTree = "<group>";
		};
/* End PBXGroup section */

/* Begin PBXNativeTarget section */
		21AF2597275FD97900C91AA8 /* order (iOS) */ = {
			isa = PBXNativeTarget;
			buildConfigurationList = 21AF25C1275FD97900C91AA8 /* Build configuration list for PBXNativeTarget "order (iOS)" */;
			buildPhases = (
				21AF2594275FD97900C91AA8 /* Sources */,
				21AF2595275FD97900C91AA8 /* Frameworks */,
				21AF2596275FD97900C91AA8 /* Resources */,
			);
			buildRules = (
			);
			dependencies = (
			);
			name = "order (iOS)";
			productName = "order (iOS)";
			productReference = 21AF2598275FD97900C91AA8 /* order.app */;
			productType = "com.apple.product-type.application";
		};
		21AF259D275FD97900C91AA8 /* order (macOS) */ = {
			isa = PBXNativeTarget;
			buildConfigurationList = 21AF25C4275FD97900C91AA8 /* Build configuration list for PBXNativeTarget "order (macOS)" */;
			buildPhases = (
				21AF259A275FD97900C91AA8 /* Sources */,
				21AF259B275FD97900C91AA8 /* Frameworks */,
				21AF259C275FD97900C91AA8 /* Resources */,
			);
			buildRules = (
			);
			dependencies = (
			);
			name = "order (macOS)";
			productName = "order (macOS)";
			productReference = 21AF259E275FD97900C91AA8 /* order.app */;
			productType = "com.apple.product-type.application";
		};
		21AF25A4275FD97900C91AA8 /* Tests iOS */ = {
			isa = PBXNativeTarget;
			buildConfigurationList = 21AF25C7275FD97900C91AA8 /* Build configuration list for PBXNativeTarget "Tests iOS" */;
			buildPhases = (
				21AF25A1275FD97900C91AA8 /* Sources */,
				21AF25A2275FD97900C91AA8 /* Frameworks */,
				21AF25A3275FD97900C91AA8 /* Resources */,
			);
			buildRules = (
			);
			dependencies = (
				21AF25A7275FD97900C91AA8 /* PBXTargetDependency */,
			);
			name = "Tests iOS";
			productName = "Tests iOS";
			productReference = 21AF25A5275FD97900C91AA8 /* Tests iOS.xctest */;
			productType = "com.apple.product-type.bundle.ui-testing";
		};
		21AF25B0275FD97900C91AA8 /* Tests macOS */ = {
			isa = PBXNativeTarget;
			buildConfigurationList = 21AF25CA275FD97900C91AA8 /* Build configuration list for PBXNativeTarget "Tests macOS" */;
			buildPhases = (
				21AF25AD275FD97900C91AA8 /* Sources */,
				21AF25AE275FD97900C91AA8 /* Frameworks */,
				21AF25AF275FD97900C91AA8 /* Resources */,
			);
			buildRules = (
			);
			dependencies = (
				21AF25B3275FD97900C91AA8 /* PBXTargetDependency */,
			);
			name = "Tests macOS";
			productName = "Tests macOS";
			productReference = 21AF25B1275FD97900C91AA8 /* Tests macOS.xctest */;
			productType = "com.apple.product-type.bundle.ui-testing";
		};
/* End PBXNativeTarget section */

/* Begin PBXProject section */
		21AF258C275FD97800C91AA8 /* Project object */ = {
			isa = PBXProject;
			attributes = {
				BuildIndependentTargetsInParallel = 1;
				LastSwiftUpdateCheck = 1310;
				LastUpgradeCheck = 1310;
				TargetAttributes = {
					21AF2597275FD97900C91AA8 = {
						CreatedOnToolsVersion = 13.1;
					};
					21AF259D275FD97900C91AA8 = {
						CreatedOnToolsVersion = 13.1;
					};
					21AF25A4275FD97900C91AA8 = {
						CreatedOnToolsVersion = 13.1;
						TestTargetID = 21AF2597275FD97900C91AA8;
					};
					21AF25B0275FD97900C91AA8 = {
						CreatedOnToolsVersion = 13.1;
						TestTargetID = 21AF259D275FD97900C91AA8;
					};
				};
			};
			buildConfigurationList = 21AF258F275FD97800C91AA8 /* Build configuration list for PBXProject "order" */;
			compatibilityVersion = "Xcode 13.0";
			developmentRegion = en;
			hasScannedForEncodings = 0;
			knownRegions = (
				en,
				Base,
			);
			mainGroup = 21AF258B275FD97800C91AA8;
			productRefGroup = 21AF2599275FD97900C91AA8 /* Products */;
			projectDirPath = "";
			projectRoot = "";
			targets = (
				21AF2597275FD97900C91AA8 /* order (iOS) */,
				21AF259D275FD97900C91AA8 /* order (macOS) */,
				21AF25A4275FD97900C91AA8 /* Tests iOS */,
				21AF25B0275FD97900C91AA8 /* Tests macOS */,
			);
		};
/* End PBXProject section */

/* Begin PBXResourcesBuildPhase section */
		21AF2596275FD97900C91AA8 /* Resources */ = {
			isa = PBXResourcesBuildPhase;
			buildActionMask = 2147483647;
			files = (
				21AF25BD275FD97900C91AA8 /* Assets.xcassets in Resources */,
				219DE2152760D437000D7AC4 /* source in Resources */,
			);
			runOnlyForDeploymentPostprocessing = 0;
		};
		21AF259C275FD97900C91AA8 /* Resources */ = {
			isa = PBXResourcesBuildPhase;
			buildActionMask = 2147483647;
			files = (
				21AF25BE275FD97900C91AA8 /* Assets.xcassets in Resources */,
			);
			runOnlyForDeploymentPostprocessing = 0;
		};
		21AF25A3275FD97900C91AA8 /* Resources */ = {
			isa = PBXResourcesBuildPhase;
			buildActionMask = 2147483647;
			files = (
			);
			runOnlyForDeploymentPostprocessing = 0;
		};
		21AF25AF275FD97900C91AA8 /* Resources */ = {
			isa = PBXResourcesBuildPhase;
			buildActionMask = 2147483647;
			files = (
			);
			runOnlyForDeploymentPostprocessing = 0;
		};
/* End PBXResourcesBuildPhase section */

/* Begin PBXSourcesBuildPhase section */
		21AF2594275FD97900C91AA8 /* Sources */ = {
			isa = PBXSourcesBuildPhase;
			buildActionMask = 2147483647;
			files = (
				213FB4B8276623C2000E3E60 /* PayView.swift in Sources */,
				21AF25BB275FD97900C91AA8 /* ContentView.swift in Sources */,
				213FB4B627661ECE000E3E60 /* MenuView.swift in Sources */,
				219DE219276102F3000D7AC4 /* classOne.swift in Sources */,
				219DE25327623982000D7AC4 /* ShoppingCartView.swift in Sources */,
				21E9F2F127666AEB0079701E /* SearchBar.swift in Sources */,
				213FB4BC27665825000E3E60 /* FeedbackView.swift in Sources */,
				213BCFCB276504B900AB0AC5 /* menuItem.swift in Sources */,
				21AF25B9275FD97900C91AA8 /* orderApp.swift in Sources */,
				21E9F2F727668F130079701E /* AdressView.swift in Sources */,
				21E9F2F5276686460079701E /* EditNumberView.swift in Sources */,
			);
			runOnlyForDeploymentPostprocessing = 0;
		};
		21AF259A275FD97900C91AA8 /* Sources */ = {
			isa = PBXSourcesBuildPhase;
			buildActionMask = 2147483647;
			files = (
				21AF25BC275FD97900C91AA8 /* ContentView.swift in Sources */,
				21AF25BA275FD97900C91AA8 /* orderApp.swift in Sources */,
			);
			runOnlyForDeploymentPostprocessing = 0;
		};
		21AF25A1275FD97900C91AA8 /* Sources */ = {
			isa = PBXSourcesBuildPhase;
			buildActionMask = 2147483647;
			files = (
				21AF25AC275FD97900C91AA8 /* Tests_iOSLaunchTests.swift in Sources */,
				21AF25AA275FD97900C91AA8 /* Tests_iOS.swift in Sources */,
			);
			runOnlyForDeploymentPostprocessing = 0;
		};
		21AF25AD275FD97900C91AA8 /* Sources */ = {
			isa = PBXSourcesBuildPhase;
			buildActionMask = 2147483647;
			files = (
				21AF25B8275FD97900C91AA8 /* Tests_macOSLaunchTests.swift in Sources */,
				21AF25B6275FD97900C91AA8 /* Tests_macOS.swift in Sources */,
			);
			runOnlyForDeploymentPostprocessing = 0;
		};
/* End PBXSourcesBuildPhase section */

/* Begin PBXTargetDependency section */
		21AF25A7275FD97900C91AA8 /* PBXTargetDependency */ = {
			isa = PBXTargetDependency;
			target = 21AF2597275FD97900C91AA8 /* order (iOS) */;
			targetProxy = 21AF25A6275FD97900C91AA8 /* PBXContainerItemProxy */;
		};
		21AF25B3275FD97900C91AA8 /* PBXTargetDependency */ = {
			isa = PBXTargetDependency;
			target = 21AF259D275FD97900C91AA8 /* order (macOS) */;
			targetProxy = 21AF25B2275FD97900C91AA8 /* PBXContainerItemProxy */;
		};
/* End PBXTargetDependency section */

/* Begin XCBuildConfiguration section */
		21AF25BF275FD97900C91AA8 /* Debug */ = {
			isa = XCBuildConfiguration;
			buildSettings = {
				ALWAYS_SEARCH_USER_PATHS = NO;
				CLANG_ANALYZER_NONNULL = YES;
				CLANG_ANALYZER_NUMBER_OBJECT_CONVERSION = YES_AGGRESSIVE;
				CLANG_CXX_LANGUAGE_STANDARD = "gnu++17";
				CLANG_CXX_LIBRARY = "libc++";
				CLANG_ENABLE_MODULES = YES;
				CLANG_ENABLE_OBJC_ARC = YES;
				CLANG_ENABLE_OBJC_WEAK = YES;
				CLANG_WARN_BLOCK_CAPTURE_AUTORELEASING = YES;
				CLANG_WARN_BOOL_CONVERSION = YES;
				CLANG_WARN_COMMA = YES;
				CLANG_WARN_CONSTANT_CONVERSION = YES;
				CLANG_WARN_DEPRECATED_OBJC_IMPLEMENTATIONS = YES;
				CLANG_WARN_DIRECT_OBJC_ISA_USAGE = YES_ERROR;
				CLANG_WARN_DOCUMENTATION_COMMENTS = YES;
				CLANG_WARN_EMPTY_BODY = YES;
				CLANG_WARN_ENUM_CONVERSION = YES;
				CLANG_WARN_INFINITE_RECURSION = YES;
				CLANG_WARN_INT_CONVERSION = YES;
				CLANG_WARN_NON_LITERAL_NULL_CONVERSION = YES;
				CLANG_WARN_OBJC_IMPLICIT_RETAIN_SELF = YES;
				CLANG_WARN_OBJC_LITERAL_CONVERSION = YES;
				CLANG_WARN_OBJC_ROOT_CLASS = YES_ERROR;
				CLANG_WARN_QUOTED_INCLUDE_IN_FRAMEWORK_HEADER = YES;
				CLANG_WARN_RANGE_LOOP_ANALYSIS = YES;
				CLANG_WARN_STRICT_PROTOTYPES = YES;
				CLANG_WARN_SUSPICIOUS_MOVE = YES;
				CLANG_WARN_UNGUARDED_AVAILABILITY = YES_AGGRESSIVE;
				CLANG_WARN_UNREACHABLE_CODE = YES;
				CLANG_WARN__DUPLICATE_METHOD_MATCH = YES;
				COPY_PHASE_STRIP = NO;
				DEBUG_INFORMATION_FORMAT = dwarf;
				ENABLE_STRICT_OBJC_MSGSEND = YES;
				ENABLE_TESTABILITY = YES;
				GCC_C_LANGUAGE_STANDARD = gnu11;
				GCC_DYNAMIC_NO_PIC = NO;
				GCC_NO_COMMON_BLOCKS = YES;
				GCC_OPTIMIZATION_LEVEL = 0;
				GCC_PREPROCESSOR_DEFINITIONS = (
					"DEBUG=1",
					"$(inherited)",
				);
				GCC_WARN_64_TO_32_BIT_CONVERSION = YES;
				GCC_WARN_ABOUT_RETURN_TYPE = YES_ERROR;
				GCC_WARN_UNDECLARED_SELECTOR = YES;
				GCC_WARN_UNINITIALIZED_AUTOS = YES_AGGRESSIVE;
				GCC_WARN_UNUSED_FUNCTION = YES;
				GCC_WARN_UNUSED_VARIABLE = YES;
				MTL_ENABLE_DEBUG_INFO = INCLUDE_SOURCE;
				MTL_FAST_MATH = YES;
				ONLY_ACTIVE_ARCH = YES;
				SWIFT_ACTIVE_COMPILATION_CONDITIONS = DEBUG;
				SWIFT_OPTIMIZATION_LEVEL = "-Onone";
			};
			name = Debug;
		};
		21AF25C0275FD97900C91AA8 /* Release */ = {
			isa = XCBuildConfiguration;
			buildSettings = {
				ALWAYS_SEARCH_USER_PATHS = NO;
				CLANG_ANALYZER_NONNULL = YES;
				CLANG_ANALYZER_NUMBER_OBJECT_CONVERSION = YES_AGGRESSIVE;
				CLANG_CXX_LANGUAGE_STANDARD = "gnu++17";
				CLANG_CXX_LIBRARY = "libc++";
				CLANG_ENABLE_MODULES = YES;
				CLANG_ENABLE_OBJC_ARC = YES;
				CLANG_ENABLE_OBJC_WEAK = YES;
				CLANG_WARN_BLOCK_CAPTURE_AUTORELEASING = YES;
				CLANG_WARN_BOOL_CONVERSION = YES;
				CLANG_WARN_COMMA = YES;
				CLANG_WARN_CONSTANT_CONVERSION = YES;
				CLANG_WARN_DEPRECATED_OBJC_IMPLEMENTATIONS = YES;
				CLANG_WARN_DIRECT_OBJC_ISA_USAGE = YES_ERROR;
				CLANG_WARN_DOCUMENTATION_COMMENTS = YES;
				CLANG_WARN_EMPTY_BODY = YES;
				CLANG_WARN_ENUM_CONVERSION = YES;
				CLANG_WARN_INFINITE_RECURSION = YES;
				CLANG_WARN_INT_CONVERSION = YES;
				CLANG_WARN_NON_LITERAL_NULL_CONVERSION = YES;
				CLANG_WARN_OBJC_IMPLICIT_RETAIN_SELF = YES;
				CLANG_WARN_OBJC_LITERAL_CONVERSION = YES;
				CLANG_WARN_OBJC_ROOT_CLASS = YES_ERROR;
				CLANG_WARN_QUOTED_INCLUDE_IN_FRAMEWORK_HEADER = YES;
				CLANG_WARN_RANGE_LOOP_ANALYSIS = YES;
				CLANG_WARN_STRICT_PROTOTYPES = YES;
				CLANG_WARN_SUSPICIOUS_MOVE = YES;
				CLANG_WARN_UNGUARDED_AVAILABILITY = YES_AGGRESSIVE;
				CLANG_WARN_UNREACHABLE_CODE = YES;
				CLANG_WARN__DUPLICATE_METHOD_MATCH = YES;
				COPY_PHASE_STRIP = NO;
				DEBUG_INFORMATION_FORMAT = "dwarf-with-dsym";
				ENABLE_NS_ASSERTIONS = NO;
				ENABLE_STRICT_OBJC_MSGSEND = YES;
				GCC_C_LANGUAGE_STANDARD = gnu11;
				GCC_NO_COMMON_BLOCKS = YES;
				GCC_WARN_64_TO_32_BIT_CONVERSION = YES;
				GCC_WARN_ABOUT_RETURN_TYPE = YES_ERROR;
				GCC_WARN_UNDECLARED_SELECTOR = YES;
				GCC_WARN_UNINITIALIZED_AUTOS = YES_AGGRESSIVE;
				GCC_WARN_UNUSED_FUNCTION = YES;
				GCC_WARN_UNUSED_VARIABLE = YES;
				MTL_ENABLE_DEBUG_INFO = NO;
				MTL_FAST_MATH = YES;
				SWIFT_COMPILATION_MODE = wholemodule;
				SWIFT_OPTIMIZATION_LEVEL = "-O";
			};
			name = Release;
		};
		21AF25C2275FD97900C91AA8 /* Debug */ = {
			isa = XCBuildConfiguration;
			buildSettings = {
				ASSETCATALOG_COMPILER_APPICON_NAME = AppIcon;
				ASSETCATALOG_COMPILER_GLOBAL_ACCENT_COLOR_NAME = AccentColor;
				CODE_SIGN_STYLE = Automatic;
				CURRENT_PROJECT_VERSION = 1;
				ENABLE_PREVIEWS = YES;
				GENERATE_INFOPLIST_FILE = YES;
				INFOPLIST_KEY_UIApplicationSceneManifest_Generation = YES;
				INFOPLIST_KEY_UIApplicationSupportsIndirectInputEvents = YES;
				INFOPLIST_KEY_UILaunchScreen_Generation = YES;
				INFOPLIST_KEY_UISupportedInterfaceOrientations_iPad = "UIInterfaceOrientationPortrait UIInterfaceOrientationPortraitUpsideDown UIInterfaceOrientationLandscapeLeft UIInterfaceOrientationLandscapeRight";
				INFOPLIST_KEY_UISupportedInterfaceOrientations_iPhone = "UIInterfaceOrientationPortrait UIInterfaceOrientationLandscapeLeft UIInterfaceOrientationLandscapeRight";
				IPHONEOS_DEPLOYMENT_TARGET = 15.0;
				LD_RUNPATH_SEARCH_PATHS = (
					"$(inherited)",
					"@executable_path/Frameworks",
				);
				MARKETING_VERSION = 1.0;
				PRODUCT_BUNDLE_IDENTIFIER = chenruntong.order;
				PRODUCT_NAME = order;
				SDKROOT = iphoneos;
				SWIFT_EMIT_LOC_STRINGS = YES;
				SWIFT_VERSION = 5.0;
				TARGETED_DEVICE_FAMILY = "1,2";
			};
			name = Debug;
		};
		21AF25C3275FD97900C91AA8 /* Release */ = {
			isa = XCBuildConfiguration;
			buildSettings = {
				ASSETCATALOG_COMPILER_APPICON_NAME = AppIcon;
				ASSETCATALOG_COMPILER_GLOBAL_ACCENT_COLOR_NAME = AccentColor;
				CODE_SIGN_STYLE = Automatic;
				CURRENT_PROJECT_VERSION = 1;
				ENABLE_PREVIEWS = YES;
				GENERATE_INFOPLIST_FILE = YES;
				INFOPLIST_KEY_UIApplicationSceneManifest_Generation = YES;
				INFOPLIST_KEY_UIApplicationSupportsIndirectInputEvents = YES;
				INFOPLIST_KEY_UILaunchScreen_Generation = YES;
				INFOPLIST_KEY_UISupportedInterfaceOrientations_iPad = "UIInterfaceOrientationPortrait UIInterfaceOrientationPortraitUpsideDown UIInterfaceOrientationLandscapeLeft UIInterfaceOrientationLandscapeRight";
				INFOPLIST_KEY_UISupportedInterfaceOrientations_iPhone = "UIInterfaceOrientationPortrait UIInterfaceOrientationLandscapeLeft UIInterfaceOrientationLandscapeRight";
				IPHONEOS_DEPLOYMENT_TARGET = 15.0;
				LD_RUNPATH_SEARCH_PATHS = (
					"$(inherited)",
					"@executable_path/Frameworks",
				);
				MARKETING_VERSION = 1.0;
				PRODUCT_BUNDLE_IDENTIFIER = chenruntong.order;
				PRODUCT_NAME = order;
				SDKROOT = iphoneos;
				SWIFT_EMIT_LOC_STRINGS = YES;
				SWIFT_VERSION = 5.0;
				TARGETED_DEVICE_FAMILY = "1,2";
				VALIDATE_PRODUCT = YES;
			};
			name = Release;
		};
		21AF25C5275FD97900C91AA8 /* Debug */ = {
			isa = XCBuildConfiguration;
			buildSettings = {
				ASSETCATALOG_COMPILER_APPICON_NAME = AppIcon;
				ASSETCATALOG_COMPILER_GLOBAL_ACCENT_COLOR_NAME = AccentColor;
				CODE_SIGN_ENTITLEMENTS = macOS/macOS.entitlements;
				CODE_SIGN_STYLE = Automatic;
				COMBINE_HIDPI_IMAGES = YES;
				CURRENT_PROJECT_VERSION = 1;
				ENABLE_PREVIEWS = YES;
				GENERATE_INFOPLIST_FILE = YES;
				INFOPLIST_KEY_NSHumanReadableCopyright = "";
				LD_RUNPATH_SEARCH_PATHS = (
					"$(inherited)",
					"@executable_path/../Frameworks",
				);
				MACOSX_DEPLOYMENT_TARGET = 12.0;
				MARKETING_VERSION = 1.0;
				PRODUCT_BUNDLE_IDENTIFIER = chenruntong.order;
				PRODUCT_NAME = order;
				SDKROOT = macosx;
				SWIFT_EMIT_LOC_STRINGS = YES;
				SWIFT_VERSION = 5.0;
			};
			name = Debug;
		};
		21AF25C6275FD97900C91AA8 /* Release */ = {
			isa = XCBuildConfiguration;
			buildSettings = {
				ASSETCATALOG_COMPILER_APPICON_NAME = AppIcon;
				ASSETCATALOG_COMPILER_GLOBAL_ACCENT_COLOR_NAME = AccentColor;
				CODE_SIGN_ENTITLEMENTS = macOS/macOS.entitlements;
				CODE_SIGN_STYLE = Automatic;
				COMBINE_HIDPI_IMAGES = YES;
				CURRENT_PROJECT_VERSION = 1;
				ENABLE_PREVIEWS = YES;
				GENERATE_INFOPLIST_FILE = YES;
				INFOPLIST_KEY_NSHumanReadableCopyright = "";
				LD_RUNPATH_SEARCH_PATHS = (
					"$(inherited)",
					"@executable_path/../Frameworks",
				);
				MACOSX_DEPLOYMENT_TARGET = 12.0;
				MARKETING_VERSION = 1.0;
				PRODUCT_BUNDLE_IDENTIFIER = chenruntong.order;
				PRODUCT_NAME = order;
				SDKROOT = macosx;
				SWIFT_EMIT_LOC_STRINGS = YES;
				SWIFT_VERSION = 5.0;
			};
			name = Release;
		};
		21AF25C8275FD97900C91AA8 /* Debug */ = {
			isa = XCBuildConfiguration;
			buildSettings = {
				ALWAYS_EMBED_SWIFT_STANDARD_LIBRARIES = YES;
				CODE_SIGN_STYLE = Automatic;
				CURRENT_PROJECT_VERSION = 1;
				GENERATE_INFOPLIST_FILE = YES;
				IPHONEOS_DEPLOYMENT_TARGET = 15.0;
				LD_RUNPATH_SEARCH_PATHS = (
					"$(inherited)",
					"@executable_path/Frameworks",
					"@loader_path/Frameworks",
				);
				MARKETING_VERSION = 1.0;
				PRODUCT_BUNDLE_IDENTIFIER = "chenruntong.Tests-iOS";
				PRODUCT_NAME = "$(TARGET_NAME)";
				SDKROOT = iphoneos;
				SWIFT_EMIT_LOC_STRINGS = NO;
				SWIFT_VERSION = 5.0;
				TARGETED_DEVICE_FAMILY = "1,2";
				TEST_TARGET_NAME = "order (iOS)";
			};
			name = Debug;
		};
		21AF25C9275FD97900C91AA8 /* Release */ = {
			isa = XCBuildConfiguration;
			buildSettings = {
				ALWAYS_EMBED_SWIFT_STANDARD_LIBRARIES = YES;
				CODE_SIGN_STYLE = Automatic;
				CURRENT_PROJECT_VERSION = 1;
				GENERATE_INFOPLIST_FILE = YES;
				IPHONEOS_DEPLOYMENT_TARGET = 15.0;
				LD_RUNPATH_SEARCH_PATHS = (
					"$(inherited)",
					"@executable_path/Frameworks",
					"@loader_path/Frameworks",
				);
				MARKETING_VERSION = 1.0;
				PRODUCT_BUNDLE_IDENTIFIER = "chenruntong.Tests-iOS";
				PRODUCT_NAME = "$(TARGET_NAME)";
				SDKROOT = iphoneos;
				SWIFT_EMIT_LOC_STRINGS = NO;
				SWIFT_VERSION = 5.0;
				TARGETED_DEVICE_FAMILY = "1,2";
				TEST_TARGET_NAME = "order (iOS)";
				VALIDATE_PRODUCT = YES;
			};
			name = Release;
		};
		21AF25CB275FD97900C91AA8 /* Debug */ = {
			isa = XCBuildConfiguration;
			buildSettings = {
				ALWAYS_EMBED_SWIFT_STANDARD_LIBRARIES = YES;
				CODE_SIGN_STYLE = Automatic;
				COMBINE_HIDPI_IMAGES = YES;
				CURRENT_PROJECT_VERSION = 1;
				GENERATE_INFOPLIST_FILE = YES;
				LD_RUNPATH_SEARCH_PATHS = (
					"$(inherited)",
					"@executable_path/../Frameworks",
					"@loader_path/../Frameworks",
				);
				MACOSX_DEPLOYMENT_TARGET = 12.0;
				MARKETING_VERSION = 1.0;
				PRODUCT_BUNDLE_IDENTIFIER = "chenruntong.Tests-macOS";
				PRODUCT_NAME = "$(TARGET_NAME)";
				SDKROOT = macosx;
				SWIFT_EMIT_LOC_STRINGS = NO;
				SWIFT_VERSION = 5.0;
				TEST_TARGET_NAME = "order (macOS)";
			};
			name = Debug;
		};
		21AF25CC275FD97900C91AA8 /* Release */ = {
			isa = XCBuildConfiguration;
			buildSettings = {
				ALWAYS_EMBED_SWIFT_STANDARD_LIBRARIES = YES;
				CODE_SIGN_STYLE = Automatic;
				COMBINE_HIDPI_IMAGES = YES;
				CURRENT_PROJECT_VERSION = 1;
				GENERATE_INFOPLIST_FILE = YES;
				LD_RUNPATH_SEARCH_PATHS = (
					"$(inherited)",
					"@executable_path/../Frameworks",
					"@loader_path/../Frameworks",
				);
				MACOSX_DEPLOYMENT_TARGET = 12.0;
				MARKETING_VERSION = 1.0;
				PRODUCT_BUNDLE_IDENTIFIER = "chenruntong.Tests-macOS";
				PRODUCT_NAME = "$(TARGET_NAME)";
				SDKROOT = macosx;
				SWIFT_EMIT_LOC_STRINGS = NO;
				SWIFT_VERSION = 5.0;
				TEST_TARGET_NAME = "order (macOS)";
			};
			name = Release;
		};
/* End XCBuildConfiguration section */

/* Begin XCConfigurationList section */
		21AF258F275FD97800C91AA8 /* Build configuration list for PBXProject "order" */ = {
			isa = XCConfigurationList;
			buildConfigurations = (
				21AF25BF275FD97900C91AA8 /* Debug */,
				21AF25C0275FD97900C91AA8 /* Release */,
			);
			defaultConfigurationIsVisible = 0;
			defaultConfigurationName = Release;
		};
		21AF25C1275FD97900C91AA8 /* Build configuration list for PBXNativeTarget "order (iOS)" */ = {
			isa = XCConfigurationList;
			buildConfigurations = (
				21AF25C2275FD97900C91AA8 /* Debug */,
				21AF25C3275FD97900C91AA8 /* Release */,
			);
			defaultConfigurationIsVisible = 0;
			defaultConfigurationName = Release;
		};
		21AF25C4275FD97900C91AA8 /* Build configuration list for PBXNativeTarget "order (macOS)" */ = {
			isa = XCConfigurationList;
			buildConfigurations = (
				21AF25C5275FD97900C91AA8 /* Debug */,
				21AF25C6275FD97900C91AA8 /* Release */,
			);
			defaultConfigurationIsVisible = 0;
			defaultConfigurationName = Release;
		};
		21AF25C7275FD97900C91AA8 /* Build configuration list for PBXNativeTarget "Tests iOS" */ = {
			isa = XCConfigurationList;
			buildConfigurations = (
				21AF25C8275FD97900C91AA8 /* Debug */,
				21AF25C9275FD97900C91AA8 /* Release */,
			);
			defaultConfigurationIsVisible = 0;
			defaultConfigurationName = Release;
		};
		21AF25CA275FD97900C91AA8 /* Build configuration list for PBXNativeTarget "Tests macOS" */ = {
			isa = XCConfigurationList;
			buildConfigurations = (
				21AF25CB275FD97900C91AA8 /* Debug */,
				21AF25CC275FD97900C91AA8 /* Release */,
			);
			defaultConfigurationIsVisible = 0;
			defaultConfigurationName = Release;
		};
/* End XCConfigurationList section */
	};
	rootObject = 21AF258C275FD97800C91AA8 /* Project object */;
}
